
Microsoft Visual Studio Solution File, Format Version 12.00
# Visual Studio Version 17
VisualStudioVersion = 17.5.002.0
MinimumVisualStudioVersion = 10.0.40219.1
Project("{2150E333-8FDC-42A3-9474-1A3956D46DE8}") = "C#", "C#", "{56866F0E-A7C5-438E-AA52-191F336C0559}"
EndProject
Project("{9A19103F-16F7-4668-BE54-9A1E7A4F7556}") = "1000", "C#\1000\1000.csproj", "{09F5B62F-0C9A-4D69-BD7E-0885978BAB09}"
EndProject
Project("{9A19103F-16F7-4668-BE54-9A1E7A4F7556}") = "1001", "C#\1001\1001.csproj", "{B16185E5-E27A-4E6D-9FF6-A1936229833D}"
EndProject
Project("{9A19103F-16F7-4668-BE54-9A1E7A4F7556}") = "1002", "C#\1002\1002.csproj", "{221903EA-798B-45DF-BE52-1E24C9217178}"
EndProject
Project("{9A19103F-16F7-4668-BE54-9A1E7A4F7556}") = "1003", "C#\1003\1003.csproj", "{DFA9D768-A25C-4E08-A27C-D0264E83B927}"
EndProject
Project("{9A19103F-16F7-4668-BE54-9A1E7A4F7556}") = "1004", "C#\1004\1004.csproj", "{153DFE76-3193-45ED-A8B9-C8D6202E70B9}"
EndProject
Project("{9A19103F-16F7-4668-BE54-9A1E7A4F7556}") = "1005", "C#\1005\1005.csproj", "{3DB1FB95-B0FA-4E2A-882D-661538AA8373}"
EndProject
Project("{9A19103F-16F7-4668-BE54-9A1E7A4F7556}") = "1006", "C#\1006\1006.csproj", "{C33F0EB3-DFF7-4317-9EB3-B7DF4B57B4D0}"
EndProject
Project("{9A19103F-16F7-4668-BE54-9A1E7A4F7556}") = "1007", "C#\1007\1007.csproj", "{0715337C-3F8E-4109-860B-03B3C6651C1F}"
EndProject
Project("{9A19103F-16F7-4668-BE54-9A1E7A4F7556}") = "1008", "C#\1008\1008.csproj", "{320C8B58-27F5-4F76-9DF6-A2D227B97FE3}"
EndProject
Project("{9A19103F-16F7-4668-BE54-9A1E7A4F7556}") = "1009", "C#\1009\1009.csproj", "{A83D79D4-5E57-4CE3-96DF-6B759359666C}"
EndProject
Project("{9A19103F-16F7-4668-BE54-9A1E7A4F7556}") = "1010", "C#\1010\1010.csproj", "{8E50A763-1968-4BE1-A389-16577D7E6CD2}"
EndProject
Project("{9A19103F-16F7-4668-BE54-9A1E7A4F7556}") = "1011", "C#\1011\1011.csproj", "{4AC15994-E058-479E-952B-F9737391C0E1}"
EndProject
Project("{9A19103F-16F7-4668-BE54-9A1E7A4F7556}") = "1012", "C#\1012\1012.csproj", "{C0C08D93-8D0D-4E9E-BA15-DC67F9588BD5}"
EndProject
Project("{9A19103F-16F7-4668-BE54-9A1E7A4F7556}") = "1013", "C#\1013\1013.csproj", "{04101D6F-8EA1-4A0D-B07B-9CEB131F5B4A}"
EndProject
Project("{9A19103F-16F7-4668-BE54-9A1E7A4F7556}") = "1014", "C#\1014\1014.csproj", "{9A74FBF7-58E3-4551-897F-36332B33FEC3}"
EndProject
Project("{9A19103F-16F7-4668-BE54-9A1E7A4F7556}") = "1015", "C#\1015\1015.csproj", "{82E60B4A-0E08-4EBE-9434-5BD7E178D9B5}"
EndProject
Project("{9A19103F-16F7-4668-BE54-9A1E7A4F7556}") = "1016", "C#\1016\1016.csproj", "{C49641DB-F29D-45D0-BEA9-9F792B7EB61C}"
EndProject
Project("{9A19103F-16F7-4668-BE54-9A1E7A4F7556}") = "1017", "C#\1017\1017.csproj", "{811CD1AC-00CE-407D-BC19-CDD44E5CA88D}"
EndProject
Project("{9A19103F-16F7-4668-BE54-9A1E7A4F7556}") = "1018", "C#\1018\1018.csproj", "{E3C9AC42-BDD5-4D46-B97A-36E35EFB0E7C}"
EndProject
Project("{9A19103F-16F7-4668-BE54-9A1E7A4F7556}") = "1019", "C#\1019\1019.csproj", "{790DBF66-DC8E-4EBA-9D79-638EF9E1F028}"
EndProject
Project("{9A19103F-16F7-4668-BE54-9A1E7A4F7556}") = "1020", "C#\1020\1020.csproj", "{902D3641-AF5A-430C-B227-8F3142FE1343}"
EndProject
Project("{9A19103F-16F7-4668-BE54-9A1E7A4F7556}") = "1021", "C#\1021\1021.csproj", "{A06A03B0-C270-4B2E-BFDB-7FED8C9B6B75}"
EndProject
Project("{9A19103F-16F7-4668-BE54-9A1E7A4F7556}") = "1035", "C#\1035\1035.csproj", "{7608AF56-1BF6-4E5B-9D91-FCEB2507684E}"
EndProject
Project("{9A19103F-16F7-4668-BE54-9A1E7A4F7556}") = "Main7", "C#\1036\Main7.csproj", "{2B2493BB-2108-42C7-9CD5-651A7D2D8517}"
EndProject
Project("{9A19103F-16F7-4668-BE54-9A1E7A4F7556}") = "1037", "C#\1037\1037.csproj", "{98F70665-7C31-4659-89C3-5BE9C5039433}"
EndProject
Project("{9A19103F-16F7-4668-BE54-9A1E7A4F7556}") = "1038", "C#\1038\1038.csproj", "{B0E10451-FDDE-4688-B0C9-035282D069EB}"
EndProject
Project("{9A19103F-16F7-4668-BE54-9A1E7A4F7556}") = "1040", "C#\1040\1040.csproj", "{DFFA6ACD-87FE-4CDF-B56D-56E5C1F09D52}"
EndProject
Project("{9A19103F-16F7-4668-BE54-9A1E7A4F7556}") = "1041", "C#\1041\1041.csproj", "{133A0337-BE0D-45DB-A61D-13763CFC96BB}"
EndProject
Project("{9A19103F-16F7-4668-BE54-9A1E7A4F7556}") = "1042", "C#\1042\1042.csproj", "{BB8B9266-D807-46D9-A9F6-751CDFEEEEB3}"
EndProject
Project("{9A19103F-16F7-4668-BE54-9A1E7A4F7556}") = "1043", "C#\1043\1043.csproj", "{B2843B29-542B-43CF-9BE6-8F72E5C585F4}"
EndProject
Project("{9A19103F-16F7-4668-BE54-9A1E7A4F7556}") = "1044", "C#\1044\1044.csproj", "{D16667DB-2738-47D6-8EFD-D6A914D87221}"
EndProject
Global
	GlobalSection(SolutionConfigurationPlatforms) = preSolution
		Debug|Any CPU = Debug|Any CPU
		Release|Any CPU = Release|Any CPU
	EndGlobalSection
	GlobalSection(ProjectConfigurationPlatforms) = postSolution
		{09F5B62F-0C9A-4D69-BD7E-0885978BAB09}.Debug|Any CPU.ActiveCfg = Debug|Any CPU
		{09F5B62F-0C9A-4D69-BD7E-0885978BAB09}.Debug|Any CPU.Build.0 = Debug|Any CPU
		{09F5B62F-0C9A-4D69-BD7E-0885978BAB09}.Release|Any CPU.ActiveCfg = Release|Any CPU
		{09F5B62F-0C9A-4D69-BD7E-0885978BAB09}.Release|Any CPU.Build.0 = Release|Any CPU
		{B16185E5-E27A-4E6D-9FF6-A1936229833D}.Debug|Any CPU.ActiveCfg = Debug|Any CPU
		{B16185E5-E27A-4E6D-9FF6-A1936229833D}.Debug|Any CPU.Build.0 = Debug|Any CPU
		{B16185E5-E27A-4E6D-9FF6-A1936229833D}.Release|Any CPU.ActiveCfg = Release|Any CPU
		{B16185E5-E27A-4E6D-9FF6-A1936229833D}.Release|Any CPU.Build.0 = Release|Any CPU
		{221903EA-798B-45DF-BE52-1E24C9217178}.Debug|Any CPU.ActiveCfg = Debug|Any CPU
		{221903EA-798B-45DF-BE52-1E24C9217178}.Debug|Any CPU.Build.0 = Debug|Any CPU
		{221903EA-798B-45DF-BE52-1E24C9217178}.Release|Any CPU.ActiveCfg = Release|Any CPU
		{221903EA-798B-45DF-BE52-1E24C9217178}.Release|Any CPU.Build.0 = Release|Any CPU
		{DFA9D768-A25C-4E08-A27C-D0264E83B927}.Debug|Any CPU.ActiveCfg = Debug|Any CPU
		{DFA9D768-A25C-4E08-A27C-D0264E83B927}.Debug|Any CPU.Build.0 = Debug|Any CPU
		{DFA9D768-A25C-4E08-A27C-D0264E83B927}.Release|Any CPU.ActiveCfg = Release|Any CPU
		{DFA9D768-A25C-4E08-A27C-D0264E83B927}.Release|Any CPU.Build.0 = Release|Any CPU
		{153DFE76-3193-45ED-A8B9-C8D6202E70B9}.Debug|Any CPU.ActiveCfg = Debug|Any CPU
		{153DFE76-3193-45ED-A8B9-C8D6202E70B9}.Debug|Any CPU.Build.0 = Debug|Any CPU
		{153DFE76-3193-45ED-A8B9-C8D6202E70B9}.Release|Any CPU.ActiveCfg = Release|Any CPU
		{153DFE76-3193-45ED-A8B9-C8D6202E70B9}.Release|Any CPU.Build.0 = Release|Any CPU
		{3DB1FB95-B0FA-4E2A-882D-661538AA8373}.Debug|Any CPU.ActiveCfg = Debug|Any CPU
		{3DB1FB95-B0FA-4E2A-882D-661538AA8373}.Debug|Any CPU.Build.0 = Debug|Any CPU
		{3DB1FB95-B0FA-4E2A-882D-661538AA8373}.Release|Any CPU.ActiveCfg = Release|Any CPU
		{3DB1FB95-B0FA-4E2A-882D-661538AA8373}.Release|Any CPU.Build.0 = Release|Any CPU
		{C33F0EB3-DFF7-4317-9EB3-B7DF4B57B4D0}.Debug|Any CPU.ActiveCfg = Debug|Any CPU
		{C33F0EB3-DFF7-4317-9EB3-B7DF4B57B4D0}.Debug|Any CPU.Build.0 = Debug|Any CPU
		{C33F0EB3-DFF7-4317-9EB3-B7DF4B57B4D0}.Release|Any CPU.ActiveCfg = Release|Any CPU
		{C33F0EB3-DFF7-4317-9EB3-B7DF4B57B4D0}.Release|Any CPU.Build.0 = Release|Any CPU
		{0715337C-3F8E-4109-860B-03B3C6651C1F}.Debug|Any CPU.ActiveCfg = Debug|Any CPU
		{0715337C-3F8E-4109-860B-03B3C6651C1F}.Debug|Any CPU.Build.0 = Debug|Any CPU
		{0715337C-3F8E-4109-860B-03B3C6651C1F}.Release|Any CPU.ActiveCfg = Release|Any CPU
		{0715337C-3F8E-4109-860B-03B3C6651C1F}.Release|Any CPU.Build.0 = Release|Any CPU
		{320C8B58-27F5-4F76-9DF6-A2D227B97FE3}.Debug|Any CPU.ActiveCfg = Debug|Any CPU
		{320C8B58-27F5-4F76-9DF6-A2D227B97FE3}.Debug|Any CPU.Build.0 = Debug|Any CPU
		{320C8B58-27F5-4F76-9DF6-A2D227B97FE3}.Release|Any CPU.ActiveCfg = Release|Any CPU
		{320C8B58-27F5-4F76-9DF6-A2D227B97FE3}.Release|Any CPU.Build.0 = Release|Any CPU
		{A83D79D4-5E57-4CE3-96DF-6B759359666C}.Debug|Any CPU.ActiveCfg = Debug|Any CPU
		{A83D79D4-5E57-4CE3-96DF-6B759359666C}.Debug|Any CPU.Build.0 = Debug|Any CPU
		{A83D79D4-5E57-4CE3-96DF-6B759359666C}.Release|Any CPU.ActiveCfg = Release|Any CPU
		{A83D79D4-5E57-4CE3-96DF-6B759359666C}.Release|Any CPU.Build.0 = Release|Any CPU
		{8E50A763-1968-4BE1-A389-16577D7E6CD2}.Debug|Any CPU.ActiveCfg = Debug|Any CPU
		{8E50A763-1968-4BE1-A389-16577D7E6CD2}.Debug|Any CPU.Build.0 = Debug|Any CPU
		{8E50A763-1968-4BE1-A389-16577D7E6CD2}.Release|Any CPU.ActiveCfg = Release|Any CPU
		{8E50A763-1968-4BE1-A389-16577D7E6CD2}.Release|Any CPU.Build.0 = Release|Any CPU
		{4AC15994-E058-479E-952B-F9737391C0E1}.Debug|Any CPU.ActiveCfg = Debug|Any CPU
		{4AC15994-E058-479E-952B-F9737391C0E1}.Debug|Any CPU.Build.0 = Debug|Any CPU
		{4AC15994-E058-479E-952B-F9737391C0E1}.Release|Any CPU.ActiveCfg = Release|Any CPU
		{4AC15994-E058-479E-952B-F9737391C0E1}.Release|Any CPU.Build.0 = Release|Any CPU
		{C0C08D93-8D0D-4E9E-BA15-DC67F9588BD5}.Debug|Any CPU.ActiveCfg = Debug|Any CPU
		{C0C08D93-8D0D-4E9E-BA15-DC67F9588BD5}.Debug|Any CPU.Build.0 = Debug|Any CPU
		{C0C08D93-8D0D-4E9E-BA15-DC67F9588BD5}.Release|Any CPU.ActiveCfg = Release|Any CPU
		{C0C08D93-8D0D-4E9E-BA15-DC67F9588BD5}.Release|Any CPU.Build.0 = Release|Any CPU
		{04101D6F-8EA1-4A0D-B07B-9CEB131F5B4A}.Debug|Any CPU.ActiveCfg = Debug|Any CPU
		{04101D6F-8EA1-4A0D-B07B-9CEB131F5B4A}.Debug|Any CPU.Build.0 = Debug|Any CPU
		{04101D6F-8EA1-4A0D-B07B-9CEB131F5B4A}.Release|Any CPU.ActiveCfg = Release|Any CPU
		{04101D6F-8EA1-4A0D-B07B-9CEB131F5B4A}.Release|Any CPU.Build.0 = Release|Any CPU
		{9A74FBF7-58E3-4551-897F-36332B33FEC3}.Debug|Any CPU.ActiveCfg = Debug|Any CPU
		{9A74FBF7-58E3-4551-897F-36332B33FEC3}.Debug|Any CPU.Build.0 = Debug|Any CPU
		{9A74FBF7-58E3-4551-897F-36332B33FEC3}.Release|Any CPU.ActiveCfg = Release|Any CPU
		{9A74FBF7-58E3-4551-897F-36332B33FEC3}.Release|Any CPU.Build.0 = Release|Any CPU
		{82E60B4A-0E08-4EBE-9434-5BD7E178D9B5}.Debug|Any CPU.ActiveCfg = Debug|Any CPU
		{82E60B4A-0E08-4EBE-9434-5BD7E178D9B5}.Debug|Any CPU.Build.0 = Debug|Any CPU
		{82E60B4A-0E08-4EBE-9434-5BD7E178D9B5}.Release|Any CPU.ActiveCfg = Release|Any CPU
		{82E60B4A-0E08-4EBE-9434-5BD7E178D9B5}.Release|Any CPU.Build.0 = Release|Any CPU
		{C49641DB-F29D-45D0-BEA9-9F792B7EB61C}.Debug|Any CPU.ActiveCfg = Debug|Any CPU
		{C49641DB-F29D-45D0-BEA9-9F792B7EB61C}.Debug|Any CPU.Build.0 = Debug|Any CPU
		{C49641DB-F29D-45D0-BEA9-9F792B7EB61C}.Release|Any CPU.ActiveCfg = Release|Any CPU
		{C49641DB-F29D-45D0-BEA9-9F792B7EB61C}.Release|Any CPU.Build.0 = Release|Any CPU
		{811CD1AC-00CE-407D-BC19-CDD44E5CA88D}.Debug|Any CPU.ActiveCfg = Debug|Any CPU
		{811CD1AC-00CE-407D-BC19-CDD44E5CA88D}.Debug|Any CPU.Build.0 = Debug|Any CPU
		{811CD1AC-00CE-407D-BC19-CDD44E5CA88D}.Release|Any CPU.ActiveCfg = Release|Any CPU
		{811CD1AC-00CE-407D-BC19-CDD44E5CA88D}.Release|Any CPU.Build.0 = Release|Any CPU
		{E3C9AC42-BDD5-4D46-B97A-36E35EFB0E7C}.Debug|Any CPU.ActiveCfg = Debug|Any CPU
		{E3C9AC42-BDD5-4D46-B97A-36E35EFB0E7C}.Debug|Any CPU.Build.0 = Debug|Any CPU
		{E3C9AC42-BDD5-4D46-B97A-36E35EFB0E7C}.Release|Any CPU.ActiveCfg = Release|Any CPU
		{E3C9AC42-BDD5-4D46-B97A-36E35EFB0E7C}.Release|Any CPU.Build.0 = Release|Any CPU
		{790DBF66-DC8E-4EBA-9D79-638EF9E1F028}.Debug|Any CPU.ActiveCfg = Debug|Any CPU
		{790DBF66-DC8E-4EBA-9D79-638EF9E1F028}.Debug|Any CPU.Build.0 = Debug|Any CPU
		{790DBF66-DC8E-4EBA-9D79-638EF9E1F028}.Release|Any CPU.ActiveCfg = Release|Any CPU
		{790DBF66-DC8E-4EBA-9D79-638EF9E1F028}.Release|Any CPU.Build.0 = Release|Any CPU
		{902D3641-AF5A-430C-B227-8F3142FE1343}.Debug|Any CPU.ActiveCfg = Debug|Any CPU
		{902D3641-AF5A-430C-B227-8F3142FE1343}.Debug|Any CPU.Build.0 = Debug|Any CPU
		{902D3641-AF5A-430C-B227-8F3142FE1343}.Release|Any CPU.ActiveCfg = Release|Any CPU
		{902D3641-AF5A-430C-B227-8F3142FE1343}.Release|Any CPU.Build.0 = Release|Any CPU
		{A06A03B0-C270-4B2E-BFDB-7FED8C9B6B75}.Debug|Any CPU.ActiveCfg = Debug|Any CPU
		{A06A03B0-C270-4B2E-BFDB-7FED8C9B6B75}.Debug|Any CPU.Build.0 = Debug|Any CPU
		{A06A03B0-C270-4B2E-BFDB-7FED8C9B6B75}.Release|Any CPU.ActiveCfg = Release|Any CPU
		{A06A03B0-C270-4B2E-BFDB-7FED8C9B6B75}.Release|Any CPU.Build.0 = Release|Any CPU
		{7608AF56-1BF6-4E5B-9D91-FCEB2507684E}.Debug|Any CPU.ActiveCfg = Debug|Any CPU
		{7608AF56-1BF6-4E5B-9D91-FCEB2507684E}.Debug|Any CPU.Build.0 = Debug|Any CPU
		{7608AF56-1BF6-4E5B-9D91-FCEB2507684E}.Release|Any CPU.ActiveCfg = Release|Any CPU
		{7608AF56-1BF6-4E5B-9D91-FCEB2507684E}.Release|Any CPU.Build.0 = Release|Any CPU
		{2B2493BB-2108-42C7-9CD5-651A7D2D8517}.Debug|Any CPU.ActiveCfg = Debug|Any CPU
		{2B2493BB-2108-42C7-9CD5-651A7D2D8517}.Debug|Any CPU.Build.0 = Debug|Any CPU
		{2B2493BB-2108-42C7-9CD5-651A7D2D8517}.Release|Any CPU.ActiveCfg = Release|Any CPU
		{2B2493BB-2108-42C7-9CD5-651A7D2D8517}.Release|Any CPU.Build.0 = Release|Any CPU
		{98F70665-7C31-4659-89C3-5BE9C5039433}.Debug|Any CPU.ActiveCfg = Debug|Any CPU
		{98F70665-7C31-4659-89C3-5BE9C5039433}.Debug|Any CPU.Build.0 = Debug|Any CPU
		{98F70665-7C31-4659-89C3-5BE9C5039433}.Release|Any CPU.ActiveCfg = Release|Any CPU
		{98F70665-7C31-4659-89C3-5BE9C5039433}.Release|Any CPU.Build.0 = Release|Any CPU
		{B0E10451-FDDE-4688-B0C9-035282D069EB}.Debug|Any CPU.ActiveCfg = Debug|Any CPU
		{B0E10451-FDDE-4688-B0C9-035282D069EB}.Debug|Any CPU.Build.0 = Debug|Any CPU
		{B0E10451-FDDE-4688-B0C9-035282D069EB}.Release|Any CPU.ActiveCfg = Release|Any CPU
		{B0E10451-FDDE-4688-B0C9-035282D069EB}.Release|Any CPU.Build.0 = Release|Any CPU
		{DFFA6ACD-87FE-4CDF-B56D-56E5C1F09D52}.Debug|Any CPU.ActiveCfg = Debug|Any CPU
		{DFFA6ACD-87FE-4CDF-B56D-56E5C1F09D52}.Debug|Any CPU.Build.0 = Debug|Any CPU
		{DFFA6ACD-87FE-4CDF-B56D-56E5C1F09D52}.Release|Any CPU.ActiveCfg = Release|Any CPU
		{DFFA6ACD-87FE-4CDF-B56D-56E5C1F09D52}.Release|Any CPU.Build.0 = Release|Any CPU
		{133A0337-BE0D-45DB-A61D-13763CFC96BB}.Debug|Any CPU.ActiveCfg = Debug|Any CPU
		{133A0337-BE0D-45DB-A61D-13763CFC96BB}.Debug|Any CPU.Build.0 = Debug|Any CPU
		{133A0337-BE0D-45DB-A61D-13763CFC96BB}.Release|Any CPU.ActiveCfg = Release|Any CPU
		{133A0337-BE0D-45DB-A61D-13763CFC96BB}.Release|Any CPU.Build.0 = Release|Any CPU
		{BB8B9266-D807-46D9-A9F6-751CDFEEEEB3}.Debug|Any CPU.ActiveCfg = Debug|Any CPU
		{BB8B9266-D807-46D9-A9F6-751CDFEEEEB3}.Debug|Any CPU.Build.0 = Debug|Any CPU
		{BB8B9266-D807-46D9-A9F6-751CDFEEEEB3}.Release|Any CPU.ActiveCfg = Release|Any CPU
		{BB8B9266-D807-46D9-A9F6-751CDFEEEEB3}.Release|Any CPU.Build.0 = Release|Any CPU
		{B2843B29-542B-43CF-9BE6-8F72E5C585F4}.Debug|Any CPU.ActiveCfg = Debug|Any CPU
		{B2843B29-542B-43CF-9BE6-8F72E5C585F4}.Debug|Any CPU.Build.0 = Debug|Any CPU
		{B2843B29-542B-43CF-9BE6-8F72E5C585F4}.Release|Any CPU.ActiveCfg = Release|Any CPU
		{B2843B29-542B-43CF-9BE6-8F72E5C585F4}.Release|Any CPU.Build.0 = Release|Any CPU
		{D16667DB-2738-47D6-8EFD-D6A914D87221}.Debug|Any CPU.ActiveCfg = Debug|Any CPU
		{D16667DB-2738-47D6-8EFD-D6A914D87221}.Debug|Any CPU.Build.0 = Debug|Any CPU
		{D16667DB-2738-47D6-8EFD-D6A914D87221}.Release|Any CPU.ActiveCfg = Release|Any CPU
		{D16667DB-2738-47D6-8EFD-D6A914D87221}.Release|Any CPU.Build.0 = Release|Any CPU
	EndGlobalSection
	GlobalSection(SolutionProperties) = preSolution
		HideSolutionNode = FALSE
	EndGlobalSection
	GlobalSection(NestedProjects) = preSolution
		{09F5B62F-0C9A-4D69-BD7E-0885978BAB09} = {56866F0E-A7C5-438E-AA52-191F336C0559}
		{B16185E5-E27A-4E6D-9FF6-A1936229833D} = {56866F0E-A7C5-438E-AA52-191F336C0559}
		{221903EA-798B-45DF-BE52-1E24C9217178} = {56866F0E-A7C5-438E-AA52-191F336C0559}
		{DFA9D768-A25C-4E08-A27C-D0264E83B927} = {56866F0E-A7C5-438E-AA52-191F336C0559}
		{153DFE76-3193-45ED-A8B9-C8D6202E70B9} = {56866F0E-A7C5-438E-AA52-191F336C0559}
		{3DB1FB95-B0FA-4E2A-882D-661538AA8373} = {56866F0E-A7C5-438E-AA52-191F336C0559}
		{C33F0EB3-DFF7-4317-9EB3-B7DF4B57B4D0} = {56866F0E-A7C5-438E-AA52-191F336C0559}
		{0715337C-3F8E-4109-860B-03B3C6651C1F} = {56866F0E-A7C5-438E-AA52-191F336C0559}
		{320C8B58-27F5-4F76-9DF6-A2D227B97FE3} = {56866F0E-A7C5-438E-AA52-191F336C0559}
		{A83D79D4-5E57-4CE3-96DF-6B759359666C} = {56866F0E-A7C5-438E-AA52-191F336C0559}
		{8E50A763-1968-4BE1-A389-16577D7E6CD2} = {56866F0E-A7C5-438E-AA52-191F336C0559}
		{4AC15994-E058-479E-952B-F9737391C0E1} = {56866F0E-A7C5-438E-AA52-191F336C0559}
		{C0C08D93-8D0D-4E9E-BA15-DC67F9588BD5} = {56866F0E-A7C5-438E-AA52-191F336C0559}
		{04101D6F-8EA1-4A0D-B07B-9CEB131F5B4A} = {56866F0E-A7C5-438E-AA52-191F336C0559}
		{9A74FBF7-58E3-4551-897F-36332B33FEC3} = {56866F0E-A7C5-438E-AA52-191F336C0559}
		{82E60B4A-0E08-4EBE-9434-5BD7E178D9B5} = {56866F0E-A7C5-438E-AA52-191F336C0559}
		{C49641DB-F29D-45D0-BEA9-9F792B7EB61C} = {56866F0E-A7C5-438E-AA52-191F336C0559}
		{811CD1AC-00CE-407D-BC19-CDD44E5CA88D} = {56866F0E-A7C5-438E-AA52-191F336C0559}
		{E3C9AC42-BDD5-4D46-B97A-36E35EFB0E7C} = {56866F0E-A7C5-438E-AA52-191F336C0559}
		{790DBF66-DC8E-4EBA-9D79-638EF9E1F028} = {56866F0E-A7C5-438E-AA52-191F336C0559}
		{902D3641-AF5A-430C-B227-8F3142FE1343} = {56866F0E-A7C5-438E-AA52-191F336C0559}
		{A06A03B0-C270-4B2E-BFDB-7FED8C9B6B75} = {56866F0E-A7C5-438E-AA52-191F336C0559}
		{7608AF56-1BF6-4E5B-9D91-FCEB2507684E} = {56866F0E-A7C5-438E-AA52-191F336C0559}
		{2B2493BB-2108-42C7-9CD5-651A7D2D8517} = {56866F0E-A7C5-438E-AA52-191F336C0559}
		{98F70665-7C31-4659-89C3-5BE9C5039433} = {56866F0E-A7C5-438E-AA52-191F336C0559}
		{B0E10451-FDDE-4688-B0C9-035282D069EB} = {56866F0E-A7C5-438E-AA52-191F336C0559}
		{DFFA6ACD-87FE-4CDF-B56D-56E5C1F09D52} = {56866F0E-A7C5-438E-AA52-191F336C0559}
		{133A0337-BE0D-45DB-A61D-13763CFC96BB} = {56866F0E-A7C5-438E-AA52-191F336C0559}
		{BB8B9266-D807-46D9-A9F6-751CDFEEEEB3} = {56866F0E-A7C5-438E-AA52-191F336C0559}
		{B2843B29-542B-43CF-9BE6-8F72E5C585F4} = {56866F0E-A7C5-438E-AA52-191F336C0559}
		{D16667DB-2738-47D6-8EFD-D6A914D87221} = {56866F0E-A7C5-438E-AA52-191F336C0559}
	EndGlobalSection
	GlobalSection(ExtensibilityGlobals) = postSolution
		SolutionGuid = {1D472D9D-8C8A-4B13-8BE8-E37BAB35D609}
	EndGlobalSection
EndGlobal
